
Microsoft Visual Studio Solution File, Format Version 12.00
# Visual Studio Version 17
VisualStudioVersion = 17.10.35013.160
MinimumVisualStudioVersion = 10.0.40219.1
Project("{9A19103F-16F7-4668-BE54-9A1E7A4F7556}") = "IceCreamMAUI", "IceCreamMAUI\IceCreamMAUI.csproj", "{92E3ECCB-13DE-4FF3-8447-7F70A9BCAEB7}"
EndProject
Project("{FAE04EC0-301F-11D3-BF4B-00C04F79EFBC}") = "IceCreamMAUI.Api", "IceCreamMAUI.Api\IceCreamMAUI.Api.csproj", "{4C54C1C6-F223-458C-801C-35EFCCFC467E}"
EndProject
Project("{FAE04EC0-301F-11D3-BF4B-00C04F79EFBC}") = "IceCreamMAUI.Shared", "IceCreamMAUI.Shared\IceCreamMAUI.Shared.csproj", "{A2B52160-E6EC-4D7F-9D69-4D9953C43602}"
EndProject
Global
	GlobalSection(SolutionConfigurationPlatforms) = preSolution
		Debug|Any CPU = Debug|Any CPU
		Release|Any CPU = Release|Any CPU
	EndGlobalSection
	GlobalSection(ProjectConfigurationPlatforms) = postSolution
		{92E3ECCB-13DE-4FF3-8447-7F70A9BCAEB7}.Debug|Any CPU.ActiveCfg = Debug|Any CPU
		{92E3ECCB-13DE-4FF3-8447-7F70A9BCAEB7}.Debug|Any CPU.Build.0 = Debug|Any CPU
		{92E3ECCB-13DE-4FF3-8447-7F70A9BCAEB7}.Debug|Any CPU.Deploy.0 = Debug|Any CPU
		{92E3ECCB-13DE-4FF3-8447-7F70A9BCAEB7}.Release|Any CPU.ActiveCfg = Release|Any CPU
		{92E3ECCB-13DE-4FF3-8447-7F70A9BCAEB7}.Release|Any CPU.Build.0 = Release|Any CPU
		{92E3ECCB-13DE-4FF3-8447-7F70A9BCAEB7}.Release|Any CPU.Deploy.0 = Release|Any CPU
		{4C54C1C6-F223-458C-801C-35EFCCFC467E}.Debug|Any CPU.ActiveCfg = Debug|Any CPU
		{4C54C1C6-F223-458C-801C-35EFCCFC467E}.Debug|Any CPU.Build.0 = Debug|Any CPU
		{4C54C1C6-F223-458C-801C-35EFCCFC467E}.Release|Any CPU.ActiveCfg = Release|Any CPU
		{4C54C1C6-F223-458C-801C-35EFCCFC467E}.Release|Any CPU.Build.0 = Release|Any CPU
		{A2B52160-E6EC-4D7F-9D69-4D9953C43602}.Debug|Any CPU.ActiveCfg = Debug|Any CPU
		{A2B52160-E6EC-4D7F-9D69-4D9953C43602}.Debug|Any CPU.Build.0 = Debug|Any CPU
		{A2B52160-E6EC-4D7F-9D69-4D9953C43602}.Release|Any CPU.ActiveCfg = Release|Any CPU
		{A2B52160-E6EC-4D7F-9D69-4D9953C43602}.Release|Any CPU.Build.0 = Release|Any CPU
	EndGlobalSection
	GlobalSection(SolutionProperties) = preSolution
		HideSolutionNode = FALSE
	EndGlobalSection
	GlobalSection(ExtensibilityGlobals) = postSolution
		SolutionGuid = {04EA620F-789E-4F82-B7A3-EE6433FB073C}
	EndGlobalSection
EndGlobal
